
Microsoft Visual Studio Solution File, Format Version 12.00
# Visual Studio Version 17
VisualStudioVersion = 17.14.36518.9 d17.14
MinimumVisualStudioVersion = 10.0.40219.1
Project("{FAE04EC0-301F-11D3-BF4B-00C04F79EFBC}") = "SalesOrderSystem-BackEnd", "SalesOrderSystem-BackEnd.csproj", "{D35AD63C-033A-4788-8F25-6C9884102551}"
EndProject
Global
	GlobalSection(SolutionConfigurationPlatforms) = preSolution
		Debug|Any CPU = Debug|Any CPU
		Release|Any CPU = Release|Any CPU
	EndGlobalSection
	GlobalSection(ProjectConfigurationPlatforms) = postSolution
		{D35AD63C-033A-4788-8F25-6C9884102551}.Debug|Any CPU.ActiveCfg = Debug|Any CPU
		{D35AD63C-033A-4788-8F25-6C9884102551}.Debug|Any CPU.Build.0 = Debug|Any CPU
		{D35AD63C-033A-4788-8F25-6C9884102551}.Release|Any CPU.ActiveCfg = Release|Any CPU
		{D35AD63C-033A-4788-8F25-6C9884102551}.Release|Any CPU.Build.0 = Release|Any CPU
	EndGlobalSection
	GlobalSection(SolutionProperties) = preSolution
		HideSolutionNode = FALSE
	EndGlobalSection
	GlobalSection(ExtensibilityGlobals) = postSolution
		SolutionGuid = {4CB96C26-93D3-4243-8787-951F4DEEF92A}
	EndGlobalSection
EndGlobal
